
Microsoft Visual Studio Solution File, Format Version 12.00
# Visual Studio Version 17
VisualStudioVersion = 17.2.32526.322
MinimumVisualStudioVersion = 10.0.40219.1
Project("{9A19103F-16F7-4668-BE54-9A1E7A4F7556}") = "EquationApi", "EquationApi\EquationApi.csproj", "{9C0D22AB-5E3E-494E-A856-EC44705C5887}"
EndProject
Project("{E53339B2-1760-4266-BCC7-CA923CBCF16C}") = "docker-compose", "docker-compose.dcproj", "{20C33FA7-386B-434D-80C3-57CD8A937E4F}"
EndProject
Global
	GlobalSection(SolutionConfigurationPlatforms) = preSolution
		Debug|Any CPU = Debug|Any CPU
		Release|Any CPU = Release|Any CPU
	EndGlobalSection
	GlobalSection(ProjectConfigurationPlatforms) = postSolution
		{9C0D22AB-5E3E-494E-A856-EC44705C5887}.Debug|Any CPU.ActiveCfg = Debug|Any CPU
		{9C0D22AB-5E3E-494E-A856-EC44705C5887}.Debug|Any CPU.Build.0 = Debug|Any CPU
		{9C0D22AB-5E3E-494E-A856-EC44705C5887}.Release|Any CPU.ActiveCfg = Release|Any CPU
		{9C0D22AB-5E3E-494E-A856-EC44705C5887}.Release|Any CPU.Build.0 = Release|Any CPU
		{20C33FA7-386B-434D-80C3-57CD8A937E4F}.Debug|Any CPU.ActiveCfg = Debug|Any CPU
		{20C33FA7-386B-434D-80C3-57CD8A937E4F}.Debug|Any CPU.Build.0 = Debug|Any CPU
		{20C33FA7-386B-434D-80C3-57CD8A937E4F}.Release|Any CPU.ActiveCfg = Release|Any CPU
		{20C33FA7-386B-434D-80C3-57CD8A937E4F}.Release|Any CPU.Build.0 = Release|Any CPU
	EndGlobalSection
	GlobalSection(SolutionProperties) = preSolution
		HideSolutionNode = FALSE
	EndGlobalSection
	GlobalSection(ExtensibilityGlobals) = postSolution
		SolutionGuid = {366027B9-DA40-4817-B337-FFC61426E065}
	EndGlobalSection
EndGlobal
